{
  "version": 4,
  "terraform_version": "1.12.2",
  "serial": 1,
  "lineage": "cbfa6a1b-6f80-1af2-a9b0-c0c6ab08474b",
  "outputs": {},
  "resources": [
    {
      "mode": "managed",
      "type": "local_file",
      "name": "demo",
      "provider": "provider[\"registry.terraform.io/hashicorp/local\"]",
      "instances": [
        {
          "schema_version": 0,
          "attributes": {
            "content": "hello dhanu",
            "content_base64": null,
            "content_base64sha256": "xootsEx/yVqFvbVAc6eZ3zjQCv5rDT+hixBc0ZbYIyQ=",
            "content_base64sha512": "YFHlmFYoMgVzXU4Ih6k948aoeyLhlm3VCFG8wS0zVlv6pk0pnk7hZpTZjLAzxK6NXUZzAZUW/8YSrmwaxNvMhA==",
            "content_md5": "8b35eecc752f430a6acf7bb40ad324ac",
            "content_sha1": "8a3fa2104483b2c2c1fa47ed7ee80d152f0b48fd",
            "content_sha256": "c68a2db04c7fc95a85bdb54073a799df38d00afe6b0d3fa18b105cd196d82324",
            "content_sha512": "6051e59856283205735d4e0887a93de3c6a87b22e1966dd50851bcc12d33565bfaa64d299e4ee16694d98cb033c4ae8d5d4673019516ffc612ae6c1ac4dbcc84",
            "directory_permission": "0777",
            "file_permission": "0777",
            "filename": "DhanuDevopsWorld.txt",
            "id": "8a3fa2104483b2c2c1fa47ed7ee80d152f0b48fd",
            "sensitive_content": null,
            "source": null
          },
          "sensitive_attributes": [
            [
              {
                "type": "get_attr",
                "value": "sensitive_content"
              }
            ]
          ],
          "identity_schema_version": 0
        }
      ]
    }
  ],
  "check_results": null
}
